// !$*UTF8*$!
{
	archiveVersion = 1;
	classes = {
	};
	objectVersion = 50;
	objects = {

/* Begin PBXBuildFile section */
		F4367DCA2848F9D300E0B9F7 /* MyWebviewApp.swift in Sources */ = {isa = PBXBuildFile; fileRef = F4367DC92848F9D300E0B9F7 /* MyWebviewApp.swift */; };
		F4367DCC2848F9D300E0B9F7 /* ContentView.swift in Sources */ = {isa = PBXBuildFile; fileRef = F4367DCB2848F9D300E0B9F7 /* ContentView.swift */; };
		F4367DCE2848F9D400E0B9F7 /* Assets.xcassets in Resources */ = {isa = PBXBuildFile; fileRef = F4367DCD2848F9D400E0B9F7 /* Assets.xcassets */; };
		F4367DD12848F9D400E0B9F7 /* Preview Assets.xcassets in Resources */ = {isa = PBXBuildFile; fileRef = F4367DD02848F9D400E0B9F7 /* Preview Assets.xcassets */; };
		F4367DDC2848F9D400E0B9F7 /* MyWebviewTests.swift in Sources */ = {isa = PBXBuildFile; fileRef = F4367DDB2848F9D400E0B9F7 /* MyWebviewTests.swift */; };
		F4367DE72848F9D400E0B9F7 /* MyWebviewUITests.swift in Sources */ = {isa = PBXBuildFile; fileRef = F4367DE62848F9D400E0B9F7 /* MyWebviewUITests.swift */; };
/* End PBXBuildFile section */

/* Begin PBXContainerItemProxy section */
		F4367DD82848F9D400E0B9F7 /* PBXContainerItemProxy */ = {
			isa = PBXContainerItemProxy;
			containerPortal = F4367DBE2848F9D300E0B9F7 /* Project object */;
			proxyType = 1;
			remoteGlobalIDString = F4367DC52848F9D300E0B9F7;
			remoteInfo = MyWebview;
		};
		F4367DE32848F9D400E0B9F7 /* PBXContainerItemProxy */ = {
			isa = PBXContainerItemProxy;
			containerPortal = F4367DBE2848F9D300E0B9F7 /* Project object */;
			proxyType = 1;
			remoteGlobalIDString = F4367DC52848F9D300E0B9F7;
			remoteInfo = MyWebview;
		};
/* End PBXContainerItemProxy section */

/* Begin PBXFileReference section */
		F4367DC62848F9D300E0B9F7 /* MyWebview.app */ = {isa = PBXFileReference; explicitFileType = wrapper.application; includeInIndex = 0; path = MyWebview.app; sourceTree = BUILT_PRODUCTS_DIR; };
		F4367DC92848F9D300E0B9F7 /* MyWebviewApp.swift */ = {isa = PBXFileReference; lastKnownFileType = sourcecode.swift; path = MyWebviewApp.swift; sourceTree = "<group>"; };
		F4367DCB2848F9D300E0B9F7 /* ContentView.swift */ = {isa = PBXFileReference; lastKnownFileType = sourcecode.swift; path = ContentView.swift; sourceTree = "<group>"; };
		F4367DCD2848F9D400E0B9F7 /* Assets.xcassets */ = {isa = PBXFileReference; lastKnownFileType = folder.assetcatalog; path = Assets.xcassets; sourceTree = "<group>"; };
		F4367DD02848F9D400E0B9F7 /* Preview Assets.xcassets */ = {isa = PBXFileReference; lastKnownFileType = folder.assetcatalog; path = "Preview Assets.xcassets"; sourceTree = "<group>"; };
		F4367DD22848F9D400E0B9F7 /* Info.plist */ = {isa = PBXFileReference; lastKnownFileType = text.plist.xml; path = Info.plist; sourceTree = "<group>"; };
		F4367DD72848F9D400E0B9F7 /* MyWebviewTests.xctest */ = {isa = PBXFileReference; explicitFileType = wrapper.cfbundle; includeInIndex = 0; path = MyWebviewTests.xctest; sourceTree = BUILT_PRODUCTS_DIR; };
		F4367DDB2848F9D400E0B9F7 /* MyWebviewTests.swift */ = {isa = PBXFileReference; lastKnownFileType = sourcecode.swift; path = MyWebviewTests.swift; sourceTree = "<group>"; };
		F4367DDD2848F9D400E0B9F7 /* Info.plist */ = {isa = PBXFileReference; lastKnownFileType = text.plist.xml; path = Info.plist; sourceTree = "<group>"; };
		F4367DE22848F9D400E0B9F7 /* MyWebviewUITests.xctest */ = {isa = PBXFileReference; explicitFileType = wrapper.cfbundle; includeInIndex = 0; path = MyWebviewUITests.xctest; sourceTree = BUILT_PRODUCTS_DIR; };
		F4367DE62848F9D400E0B9F7 /* MyWebviewUITests.swift */ = {isa = PBXFileReference; lastKnownFileType = sourcecode.swift; path = MyWebviewUITests.swift; sourceTree = "<group>"; };
		F4367DE82848F9D400E0B9F7 /* Info.plist */ = {isa = PBXFileReference; lastKnownFileType = text.plist.xml; path = Info.plist; sourceTree = "<group>"; };
/* End PBXFileReference section */

/* Begin PBXFrameworksBuildPhase section */
		F4367DC32848F9D300E0B9F7 /* Frameworks */ = {
			isa = PBXFrameworksBuildPhase;
			buildActionMask = 2147483647;
			files = (
			);
			runOnlyForDeploymentPostprocessing = 0;
		};
		F4367DD42848F9D400E0B9F7 /* Frameworks */ = {
			isa = PBXFrameworksBuildPhase;
			buildActionMask = 2147483647;
			files = (
			);
			runOnlyForDeploymentPostprocessing = 0;
		};
		F4367DDF2848F9D400E0B9F7 /* Frameworks */ = {
			isa = PBXFrameworksBuildPhase;
			buildActionMask = 2147483647;
			files = (
			);
			runOnlyForDeploymentPostprocessing = 0;
		};
/* End PBXFrameworksBuildPhase section */

/* Begin PBXGroup section */
		F4367DBD2848F9D300E0B9F7 = {
			isa = PBXGroup;
			children = (
				F4367DC82848F9D300E0B9F7 /* MyWebview */,
				F4367DDA2848F9D400E0B9F7 /* MyWebviewTests */,
				F4367DE52848F9D400E0B9F7 /* MyWebviewUITests */,
				F4367DC72848F9D300E0B9F7 /* Products */,
			);
			sourceTree = "<group>";
		};
		F4367DC72848F9D300E0B9F7 /* Products */ = {
			isa = PBXGroup;
			children = (
				F4367DC62848F9D300E0B9F7 /* MyWebview.app */,
				F4367DD72848F9D400E0B9F7 /* MyWebviewTests.xctest */,
				F4367DE22848F9D400E0B9F7 /* MyWebviewUITests.xctest */,
			);
			name = Products;
			sourceTree = "<group>";
		};
		F4367DC82848F9D300E0B9F7 /* MyWebview */ = {
			isa = PBXGroup;
			children = (
				F4367DC92848F9D300E0B9F7 /* MyWebviewApp.swift */,
				F4367DCB2848F9D300E0B9F7 /* ContentView.swift */,
				F4367DCD2848F9D400E0B9F7 /* Assets.xcassets */,
				F4367DD22848F9D400E0B9F7 /* Info.plist */,
				F4367DCF2848F9D400E0B9F7 /* Preview Content */,
			);
			path = MyWebview;
			sourceTree = "<group>";
		};
		F4367DCF2848F9D400E0B9F7 /* Preview Content */ = {
			isa = PBXGroup;
			children = (
				F4367DD02848F9D400E0B9F7 /* Preview Assets.xcassets */,
			);
			path = "Preview Content";
			sourceTree = "<group>";
		};
		F4367DDA2848F9D400E0B9F7 /* MyWebviewTests */ = {
			isa = PBXGroup;
			children = (
				F4367DDB2848F9D400E0B9F7 /* MyWebviewTests.swift */,
				F4367DDD2848F9D400E0B9F7 /* Info.plist */,
			);
			path = MyWebviewTests;
			sourceTree = "<group>";
		};
		F4367DE52848F9D400E0B9F7 /* MyWebviewUITests */ = {
			isa = PBXGroup;
			children = (
				F4367DE62848F9D400E0B9F7 /* MyWebviewUITests.swift */,
				F4367DE82848F9D400E0B9F7 /* Info.plist */,
			);
			path = MyWebviewUITests;
			sourceTree = "<group>";
		};
/* End PBXGroup section */

/* Begin PBXNativeTarget section */
		F4367DC52848F9D300E0B9F7 /* MyWebview */ = {
			isa = PBXNativeTarget;
			buildConfigurationList = F4367DEB2848F9D400E0B9F7 /* Build configuration list for PBXNativeTarget "MyWebview" */;
			buildPhases = (
				F4367DC22848F9D300E0B9F7 /* Sources */,
				F4367DC32848F9D300E0B9F7 /* Frameworks */,
				F4367DC42848F9D300E0B9F7 /* Resources */,
			);
			buildRules = (
			);
			dependencies = (
			);
			name = MyWebview;
			productName = MyWebview;
			productReference = F4367DC62848F9D300E0B9F7 /* MyWebview.app */;
			productType = "com.apple.product-type.application";
		};
		F4367DD62848F9D400E0B9F7 /* MyWebviewTests */ = {
			isa = PBXNativeTarget;
			buildConfigurationList = F4367DEE2848F9D400E0B9F7 /* Build configuration list for PBXNativeTarget "MyWebviewTests" */;
			buildPhases = (
				F4367DD32848F9D400E0B9F7 /* Sources */,
				F4367DD42848F9D400E0B9F7 /* Frameworks */,
				F4367DD52848F9D400E0B9F7 /* Resources */,
			);
			buildRules = (
			);
			dependencies = (
				F4367DD92848F9D400E0B9F7 /* PBXTargetDependency */,
			);
			name = MyWebviewTests;
			productName = MyWebviewTests;
			productReference = F4367DD72848F9D400E0B9F7 /* MyWebviewTests.xctest */;
			productType = "com.apple.product-type.bundle.unit-test";
		};
		F4367DE12848F9D400E0B9F7 /* MyWebviewUITests */ = {
			isa = PBXNativeTarget;
			buildConfigurationList = F4367DF12848F9D400E0B9F7 /* Build configuration list for PBXNativeTarget "MyWebviewUITests" */;
			buildPhases = (
				F4367DDE2848F9D400E0B9F7 /* Sources */,
				F4367DDF2848F9D400E0B9F7 /* Frameworks */,
				F4367DE02848F9D400E0B9F7 /* Resources */,
			);
			buildRules = (
			);
			dependencies = (
				F4367DE42848F9D400E0B9F7 /* PBXTargetDependency */,
			);
			name = MyWebviewUITests;
			productName = MyWebviewUITests;
			productReference = F4367DE22848F9D400E0B9F7 /* MyWebviewUITests.xctest */;
			productType = "com.apple.product-type.bundle.ui-testing";
		};
/* End PBXNativeTarget section */

/* Begin PBXProject section */
		F4367DBE2848F9D300E0B9F7 /* Project object */ = {
			isa = PBXProject;
			attributes = {
				LastSwiftUpdateCheck = 1240;
				LastUpgradeCheck = 1240;
				TargetAttributes = {
					F4367DC52848F9D300E0B9F7 = {
						CreatedOnToolsVersion = 12.4;
					};
					F4367DD62848F9D400E0B9F7 = {
						CreatedOnToolsVersion = 12.4;
						TestTargetID = F4367DC52848F9D300E0B9F7;
					};
					F4367DE12848F9D400E0B9F7 = {
						CreatedOnToolsVersion = 12.4;
						TestTargetID = F4367DC52848F9D300E0B9F7;
					};
				};
			};
			buildConfigurationList = F4367DC12848F9D300E0B9F7 /* Build configuration list for PBXProject "MyWebview" */;
			compatibilityVersion = "Xcode 9.3";
			developmentRegion = en;
			hasScannedForEncodings = 0;
			knownRegions = (
				en,
				Base,
			);
			mainGroup = F4367DBD2848F9D300E0B9F7;
			productRefGroup = F4367DC72848F9D300E0B9F7 /* Products */;
			projectDirPath = "";
			projectRoot = "";
			targets = (
				F4367DC52848F9D300E0B9F7 /* MyWebview */,
				F4367DD62848F9D400E0B9F7 /* MyWebviewTests */,
				F4367DE12848F9D400E0B9F7 /* MyWebviewUITests */,
			);
		};
/* End PBXProject section */

/* Begin PBXResourcesBuildPhase section */
		F4367DC42848F9D300E0B9F7 /* Resources */ = {
			isa = PBXResourcesBuildPhase;
			buildActionMask = 2147483647;
			files = (
				F4367DD12848F9D400E0B9F7 /* Preview Assets.xcassets in Resources */,
				F4367DCE2848F9D400E0B9F7 /* Assets.xcassets in Resources */,
			);
			runOnlyForDeploymentPostprocessing = 0;
		};
		F4367DD52848F9D400E0B9F7 /* Resources */ = {
			isa = PBXResourcesBuildPhase;
			buildActionMask = 2147483647;
			files = (
			);
			runOnlyForDeploymentPostprocessing = 0;
		};
		F4367DE02848F9D400E0B9F7 /* Resources */ = {
			isa = PBXResourcesBuildPhase;
			buildActionMask = 2147483647;
			files = (
			);
			runOnlyForDeploymentPostprocessing = 0;
		};
/* End PBXResourcesBuildPhase section */

/* Begin PBXSourcesBuildPhase section */
		F4367DC22848F9D300E0B9F7 /* Sources */ = {
			isa = PBXSourcesBuildPhase;
			buildActionMask = 2147483647;
			files = (
				F4367DCC2848F9D300E0B9F7 /* ContentView.swift in Sources */,
				F4367DCA2848F9D300E0B9F7 /* MyWebviewApp.swift in Sources */,
			);
			runOnlyForDeploymentPostprocessing = 0;
		};
		F4367DD32848F9D400E0B9F7 /* Sources */ = {
			isa = PBXSourcesBuildPhase;
			buildActionMask = 2147483647;
			files = (
				F4367DDC2848F9D400E0B9F7 /* MyWebviewTests.swift in Sources */,
			);
			runOnlyForDeploymentPostprocessing = 0;
		};
		F4367DDE2848F9D400E0B9F7 /* Sources */ = {
			isa = PBXSourcesBuildPhase;
			buildActionMask = 2147483647;
			files = (
				F4367DE72848F9D400E0B9F7 /* MyWebviewUITests.swift in Sources */,
			);
			runOnlyForDeploymentPostprocessing = 0;
		};
/* End PBXSourcesBuildPhase section */

/* Begin PBXTargetDependency section */
		F4367DD92848F9D400E0B9F7 /* PBXTargetDependency */ = {
			isa = PBXTargetDependency;
			target = F4367DC52848F9D300E0B9F7 /* MyWebview */;
			targetProxy = F4367DD82848F9D400E0B9F7 /* PBXContainerItemProxy */;
		};
		F4367DE42848F9D400E0B9F7 /* PBXTargetDependency */ = {
			isa = PBXTargetDependency;
			target = F4367DC52848F9D300E0B9F7 /* MyWebview */;
			targetProxy = F4367DE32848F9D400E0B9F7 /* PBXContainerItemProxy */;
		};
/* End PBXTargetDependency section */

/* Begin XCBuildConfiguration section */
		F4367DE92848F9D400E0B9F7 /* Debug */ = {
			isa = XCBuildConfiguration;
			buildSettings = {
				ALWAYS_SEARCH_USER_PATHS = NO;
				CLANG_ANALYZER_NONNULL = YES;
				CLANG_ANALYZER_NUMBER_OBJECT_CONVERSION = YES_AGGRESSIVE;
				CLANG_CXX_LANGUAGE_STANDARD = "gnu++14";
				CLANG_CXX_LIBRARY = "libc++";
				CLANG_ENABLE_MODULES = YES;
				CLANG_ENABLE_OBJC_ARC = YES;
				CLANG_ENABLE_OBJC_WEAK = YES;
				CLANG_WARN_BLOCK_CAPTURE_AUTORELEASING = YES;
				CLANG_WARN_BOOL_CONVERSION = YES;
				CLANG_WARN_COMMA = YES;
				CLANG_WARN_CONSTANT_CONVERSION = YES;
				CLANG_WARN_DEPRECATED_OBJC_IMPLEMENTATIONS = YES;
				CLANG_WARN_DIRECT_OBJC_ISA_USAGE = YES_ERROR;
				CLANG_WARN_DOCUMENTATION_COMMENTS = YES;
				CLANG_WARN_EMPTY_BODY = YES;
				CLANG_WARN_ENUM_CONVERSION = YES;
				CLANG_WARN_INFINITE_RECURSION = YES;
				CLANG_WARN_INT_CONVERSION = YES;
				CLANG_WARN_NON_LITERAL_NULL_CONVERSION = YES;
				CLANG_WARN_OBJC_IMPLICIT_RETAIN_SELF = YES;
				CLANG_WARN_OBJC_LITERAL_CONVERSION = YES;
				CLANG_WARN_OBJC_ROOT_CLASS = YES_ERROR;
				CLANG_WARN_QUOTED_INCLUDE_IN_FRAMEWORK_HEADER = YES;
				CLANG_WARN_RANGE_LOOP_ANALYSIS = YES;
				CLANG_WARN_STRICT_PROTOTYPES = YES;
				CLANG_WARN_SUSPICIOUS_MOVE = YES;
				CLANG_WARN_UNGUARDED_AVAILABILITY = YES_AGGRESSIVE;
				CLANG_WARN_UNREACHABLE_CODE = YES;
				CLANG_WARN__DUPLICATE_METHOD_MATCH = YES;
				COPY_PHASE_STRIP = NO;
				DEBUG_INFORMATION_FORMAT = dwarf;
				ENABLE_STRICT_OBJC_MSGSEND = YES;
				ENABLE_TESTABILITY = YES;
				GCC_C_LANGUAGE_STANDARD = gnu11;
				GCC_DYNAMIC_NO_PIC = NO;
				GCC_NO_COMMON_BLOCKS = YES;
				GCC_OPTIMIZATION_LEVEL = 0;
				GCC_PREPROCESSOR_DEFINITIONS = (
					"DEBUG=1",
					"$(inherited)",
				);
				GCC_WARN_64_TO_32_BIT_CONVERSION = YES;
				GCC_WARN_ABOUT_RETURN_TYPE = YES_ERROR;
				GCC_WARN_UNDECLARED_SELECTOR = YES;
				GCC_WARN_UNINITIALIZED_AUTOS = YES_AGGRESSIVE;
				GCC_WARN_UNUSED_FUNCTION = YES;
				GCC_WARN_UNUSED_VARIABLE = YES;
				IPHONEOS_DEPLOYMENT_TARGET = 14.4;
				MTL_ENABLE_DEBUG_INFO = INCLUDE_SOURCE;
				MTL_FAST_MATH = YES;
				ONLY_ACTIVE_ARCH = YES;
				SDKROOT = iphoneos;
				SWIFT_ACTIVE_COMPILATION_CONDITIONS = DEBUG;
				SWIFT_OPTIMIZATION_LEVEL = "-Onone";
			};
			name = Debug;
		};
		F4367DEA2848F9D400E0B9F7 /* Release */ = {
			isa = XCBuildConfiguration;
			buildSettings = {
				ALWAYS_SEARCH_USER_PATHS = NO;
				CLANG_ANALYZER_NONNULL = YES;
				CLANG_ANALYZER_NUMBER_OBJECT_CONVERSION = YES_AGGRESSIVE;
				CLANG_CXX_LANGUAGE_STANDARD = "gnu++14";
				CLANG_CXX_LIBRARY = "libc++";
				CLANG_ENABLE_MODULES = YES;
				CLANG_ENABLE_OBJC_ARC = YES;
				CLANG_ENABLE_OBJC_WEAK = YES;
				CLANG_WARN_BLOCK_CAPTURE_AUTORELEASING = YES;
				CLANG_WARN_BOOL_CONVERSION = YES;
				CLANG_WARN_COMMA = YES;
				CLANG_WARN_CONSTANT_CONVERSION = YES;
				CLANG_WARN_DEPRECATED_OBJC_IMPLEMENTATIONS = YES;
				CLANG_WARN_DIRECT_OBJC_ISA_USAGE = YES_ERROR;
				CLANG_WARN_DOCUMENTATION_COMMENTS = YES;
				CLANG_WARN_EMPTY_BODY = YES;
				CLANG_WARN_ENUM_CONVERSION = YES;
				CLANG_WARN_INFINITE_RECURSION = YES;
				CLANG_WARN_INT_CONVERSION = YES;
				CLANG_WARN_NON_LITERAL_NULL_CONVERSION = YES;
				CLANG_WARN_OBJC_IMPLICIT_RETAIN_SELF = YES;
				CLANG_WARN_OBJC_LITERAL_CONVERSION = YES;
				CLANG_WARN_OBJC_ROOT_CLASS = YES_ERROR;
				CLANG_WARN_QUOTED_INCLUDE_IN_FRAMEWORK_HEADER = YES;
				CLANG_WARN_RANGE_LOOP_ANALYSIS = YES;
				CLANG_WARN_STRICT_PROTOTYPES = YES;
				CLANG_WARN_SUSPICIOUS_MOVE = YES;
				CLANG_WARN_UNGUARDED_AVAILABILITY = YES_AGGRESSIVE;
				CLANG_WARN_UNREACHABLE_CODE = YES;
				CLANG_WARN__DUPLICATE_METHOD_MATCH = YES;
				COPY_PHASE_STRIP = NO;
				DEBUG_INFORMATION_FORMAT = "dwarf-with-dsym";
				ENABLE_NS_ASSERTIONS = NO;
				ENABLE_STRICT_OBJC_MSGSEND = YES;
				GCC_C_LANGUAGE_STANDARD = gnu11;
				GCC_NO_COMMON_BLOCKS = YES;
				GCC_WARN_64_TO_32_BIT_CONVERSION = YES;
				GCC_WARN_ABOUT_RETURN_TYPE = YES_ERROR;
				GCC_WARN_UNDECLARED_SELECTOR = YES;
				GCC_WARN_UNINITIALIZED_AUTOS = YES_AGGRESSIVE;
				GCC_WARN_UNUSED_FUNCTION = YES;
				GCC_WARN_UNUSED_VARIABLE = YES;
				IPHONEOS_DEPLOYMENT_TARGET = 14.4;
				MTL_ENABLE_DEBUG_INFO = NO;
				MTL_FAST_MATH = YES;
				SDKROOT = iphoneos;
				SWIFT_COMPILATION_MODE = wholemodule;
				SWIFT_OPTIMIZATION_LEVEL = "-O";
				VALIDATE_PRODUCT = YES;
			};
			name = Release;
		};
		F4367DEC2848F9D400E0B9F7 /* Debug */ = {
			isa = XCBuildConfiguration;
			buildSettings = {
				ASSETCATALOG_COMPILER_APPICON_NAME = AppIcon;
				ASSETCATALOG_COMPILER_GLOBAL_ACCENT_COLOR_NAME = AccentColor;
				CODE_SIGN_STYLE = Automatic;
				DEVELOPMENT_ASSET_PATHS = "\"MyWebview/Preview Content\"";
				DEVELOPMENT_TEAM = B8U8DUB57X;
				ENABLE_PREVIEWS = YES;
				INFOPLIST_FILE = MyWebview/Info.plist;
				IPHONEOS_DEPLOYMENT_TARGET = 14.0;
				LD_RUNPATH_SEARCH_PATHS = (
					"$(inherited)",
					"@executable_path/Frameworks",
				);
				PRODUCT_BUNDLE_IDENTIFIER = BaharudinDev.MyWebview;
				PRODUCT_NAME = "$(TARGET_NAME)";
				SWIFT_VERSION = 5.0;
				TARGETED_DEVICE_FAMILY = "1,2";
			};
			name = Debug;
		};
		F4367DED2848F9D400E0B9F7 /* Release */ = {
			isa = XCBuildConfiguration;
			buildSettings = {
				ASSETCATALOG_COMPILER_APPICON_NAME = AppIcon;
				ASSETCATALOG_COMPILER_GLOBAL_ACCENT_COLOR_NAME = AccentColor;
				CODE_SIGN_STYLE = Automatic;
				DEVELOPMENT_ASSET_PATHS = "\"MyWebview/Preview Content\"";
				DEVELOPMENT_TEAM = B8U8DUB57X;
				ENABLE_PREVIEWS = YES;
				INFOPLIST_FILE = MyWebview/Info.plist;
				IPHONEOS_DEPLOYMENT_TARGET = 14.0;
				LD_RUNPATH_SEARCH_PATHS = (
					"$(inherited)",
					"@executable_path/Frameworks",
				);
				PRODUCT_BUNDLE_IDENTIFIER = BaharudinDev.MyWebview;
				PRODUCT_NAME = "$(TARGET_NAME)";
				SWIFT_VERSION = 5.0;
				TARGETED_DEVICE_FAMILY = "1,2";
			};
			name = Release;
		};
		F4367DEF2848F9D400E0B9F7 /* Debug */ = {
			isa = XCBuildConfiguration;
			buildSettings = {
				ALWAYS_EMBED_SWIFT_STANDARD_LIBRARIES = YES;
				BUNDLE_LOADER = "$(TEST_HOST)";
				CODE_SIGN_STYLE = Automatic;
				DEVELOPMENT_TEAM = B8U8DUB57X;
				INFOPLIST_FILE = MyWebviewTests/Info.plist;
				IPHONEOS_DEPLOYMENT_TARGET = 14.0;
				LD_RUNPATH_SEARCH_PATHS = (
					"$(inherited)",
					"@executable_path/Frameworks",
					"@loader_path/Frameworks",
				);
				PRODUCT_BUNDLE_IDENTIFIER = BaharudinDev.MyWebviewTests;
				PRODUCT_NAME = "$(TARGET_NAME)";
				SWIFT_VERSION = 5.0;
				TARGETED_DEVICE_FAMILY = "1,2";
				TEST_HOST = "$(BUILT_PRODUCTS_DIR)/MyWebview.app/MyWebview";
			};
			name = Debug;
		};
		F4367DF02848F9D400E0B9F7 /* Release */ = {
			isa = XCBuildConfiguration;
			buildSettings = {
				ALWAYS_EMBED_SWIFT_STANDARD_LIBRARIES = YES;
				BUNDLE_LOADER = "$(TEST_HOST)";
				CODE_SIGN_STYLE = Automatic;
				DEVELOPMENT_TEAM = B8U8DUB57X;
				INFOPLIST_FILE = MyWebviewTests/Info.plist;
				IPHONEOS_DEPLOYMENT_TARGET = 14.0;
				LD_RUNPATH_SEARCH_PATHS = (
					"$(inherited)",
					"@executable_path/Frameworks",
					"@loader_path/Frameworks",
				);
				PRODUCT_BUNDLE_IDENTIFIER = BaharudinDev.MyWebviewTests;
				PRODUCT_NAME = "$(TARGET_NAME)";
				SWIFT_VERSION = 5.0;
				TARGETED_DEVICE_FAMILY = "1,2";
				TEST_HOST = "$(BUILT_PRODUCTS_DIR)/MyWebview.app/MyWebview";
			};
			name = Release;
		};
		F4367DF22848F9D400E0B9F7 /* Debug */ = {
			isa = XCBuildConfiguration;
			buildSettings = {
				ALWAYS_EMBED_SWIFT_STANDARD_LIBRARIES = YES;
				CODE_SIGN_STYLE = Automatic;
				DEVELOPMENT_TEAM = B8U8DUB57X;
				INFOPLIST_FILE = MyWebviewUITests/Info.plist;
				LD_RUNPATH_SEARCH_PATHS = (
					"$(inherited)",
					"@executable_path/Frameworks",
					"@loader_path/Frameworks",
				);
				PRODUCT_BUNDLE_IDENTIFIER = BaharudinDev.MyWebviewUITests;
				PRODUCT_NAME = "$(TARGET_NAME)";
				SWIFT_VERSION = 5.0;
				TARGETED_DEVICE_FAMILY = "1,2";
				TEST_TARGET_NAME = MyWebview;
			};
			name = Debug;
		};
		F4367DF32848F9D400E0B9F7 /* Release */ = {
			isa = XCBuildConfiguration;
			buildSettings = {
				ALWAYS_EMBED_SWIFT_STANDARD_LIBRARIES = YES;
				CODE_SIGN_STYLE = Automatic;
				DEVELOPMENT_TEAM = B8U8DUB57X;
				INFOPLIST_FILE = MyWebviewUITests/Info.plist;
				LD_RUNPATH_SEARCH_PATHS = (
					"$(inherited)",
					"@executable_path/Frameworks",
					"@loader_path/Frameworks",
				);
				PRODUCT_BUNDLE_IDENTIFIER = BaharudinDev.MyWebviewUITests;
				PRODUCT_NAME = "$(TARGET_NAME)";
				SWIFT_VERSION = 5.0;
				TARGETED_DEVICE_FAMILY = "1,2";
				TEST_TARGET_NAME = MyWebview;
			};
			name = Release;
		};
/* End XCBuildConfiguration section */

/* Begin XCConfigurationList section */
		F4367DC12848F9D300E0B9F7 /* Build configuration list for PBXProject "MyWebview" */ = {
			isa = XCConfigurationList;
			buildConfigurations = (
				F4367DE92848F9D400E0B9F7 /* Debug */,
				F4367DEA2848F9D400E0B9F7 /* Release */,
			);
			defaultConfigurationIsVisible = 0;
			defaultConfigurationName = Release;
		};
		F4367DEB2848F9D400E0B9F7 /* Build configuration list for PBXNativeTarget "MyWebview" */ = {
			isa = XCConfigurationList;
			buildConfigurations = (
				F4367DEC2848F9D400E0B9F7 /* Debug */,
				F4367DED2848F9D400E0B9F7 /* Release */,
			);
			defaultConfigurationIsVisible = 0;
			defaultConfigurationName = Release;
		};
		F4367DEE2848F9D400E0B9F7 /* Build configuration list for PBXNativeTarget "MyWebviewTests" */ = {
			isa = XCConfigurationList;
			buildConfigurations = (
				F4367DEF2848F9D400E0B9F7 /* Debug */,
				F4367DF02848F9D400E0B9F7 /* Release */,
			);
			defaultConfigurationIsVisible = 0;
			defaultConfigurationName = Release;
		};
		F4367DF12848F9D400E0B9F7 /* Build configuration list for PBXNativeTarget "MyWebviewUITests" */ = {
			isa = XCConfigurationList;
			buildConfigurations = (
				F4367DF22848F9D400E0B9F7 /* Debug */,
				F4367DF32848F9D400E0B9F7 /* Release */,
			);
			defaultConfigurationIsVisible = 0;
			defaultConfigurationName = Release;
		};
/* End XCConfigurationList section */
	};
	rootObject = F4367DBE2848F9D300E0B9F7 /* Project object */;
}
